// !$*UTF8*$!
{
	archiveVersion = 1;
	classes = {
	};
	objectVersion = 54;
	objects = {

/* Begin PBXBuildFile section */
		0342C660241928DC0066A545 /* main.m in Sources */ = {isa = PBXBuildFile; fileRef = 0342C65F241928DC0066A545 /* main.m */; };
		034E060E240917D60079B668 /* libWearHeartFunction.a in Frameworks */ = {isa = PBXBuildFile; fileRef = 034E060B240917D60079B668 /* libWearHeartFunction.a */; };
		0384AB312418DE4000244857 /* ScanDeviceModel.m in Sources */ = {isa = PBXBuildFile; fileRef = 0384AB302418DE4000244857 /* ScanDeviceModel.m */; };
		0384AB34241918B200244857 /* AppDelegate.m in Sources */ = {isa = PBXBuildFile; fileRef = 0384AB32241918B100244857 /* AppDelegate.m */; };
		03D6C91525066AC300BFA877 /* GSHealthKitManager.m in Sources */ = {isa = PBXBuildFile; fileRef = 03D6C91425066AC300BFA877 /* GSHealthKitManager.m */; };
		1498D2341E8E89220040F4C2 /* GeneratedPluginRegistrant.m in Sources */ = {isa = PBXBuildFile; fileRef = 1498D2331E8E89220040F4C2 /* GeneratedPluginRegistrant.m */; };
		1A2BBBB02B54FB1000ABC3EE /* InetBleSDK.framework in Frameworks */ = {isa = PBXBuildFile; fileRef = 1F5C7FA825AC3B2D00FDED27 /* InetBleSDK.framework */; };
		1A2BBBB22B54FB1E00ABC3EE /* HealthKit.framework in Frameworks */ = {isa = PBXBuildFile; fileRef = 03D1C212248E6B47008F939B /* HealthKit.framework */; };
		1A2BBBB42B54FB2100ABC3EE /* VeepooBleSDK.framework in Frameworks */ = {isa = PBXBuildFile; fileRef = 1A36B46929BB3E0A008AB94D /* VeepooBleSDK.framework */; };
		1A36B46829BB3731008AB94D /* BackGroundService.swift in Sources */ = {isa = PBXBuildFile; fileRef = 1A36B46729BB3731008AB94D /* BackGroundService.swift */; };
		1A4C03382ABC5EA4003F12E5 /* clock_ticking.mp3 in Resources */ = {isa = PBXBuildFile; fileRef = 1A4C03372ABC5EA4003F12E5 /* clock_ticking.mp3 */; };
		1AED2EE329C0346200809460 /* GRDFUSDK.framework in Frameworks */ = {isa = PBXBuildFile; fileRef = 1AED2EE129C0342500809460 /* GRDFUSDK.framework */; };
		1AED2EE429C0346200809460 /* GRDFUSDK.framework in Embed Frameworks */ = {isa = PBXBuildFile; fileRef = 1AED2EE129C0342500809460 /* GRDFUSDK.framework */; settings = {ATTRIBUTES = (CodeSignOnCopy, RemoveHeadersOnCopy, ); }; };
		1FAFF724261D6C65009DB3AC /* libYCBleSDK.a in Frameworks */ = {isa = PBXBuildFile; fileRef = 1FAFF6DC261D6541009DB3AC /* libYCBleSDK.a */; settings = {ATTRIBUTES = (Required, ); }; };
		1FF72A7525D2563A00C55D21 /* TTS.swift in Sources */ = {isa = PBXBuildFile; fileRef = 1FF72A7425D2563A00C55D21 /* TTS.swift */; };
		3B3967161E833CAA004F5970 /* AppFrameworkInfo.plist in Resources */ = {isa = PBXBuildFile; fileRef = 3B3967151E833CAA004F5970 /* AppFrameworkInfo.plist */; };
		97B00A112AD6A9E600062406 /* GoogleService-Info.plist in Resources */ = {isa = PBXBuildFile; fileRef = 97B00A102AD6A9E600062406 /* GoogleService-Info.plist */; };
		97C146FC1CF9000F007C117D /* Main.storyboard in Resources */ = {isa = PBXBuildFile; fileRef = 97C146FA1CF9000F007C117D /* Main.storyboard */; };
		97C146FE1CF9000F007C117D /* Assets.xcassets in Resources */ = {isa = PBXBuildFile; fileRef = 97C146FD1CF9000F007C117D /* Assets.xcassets */; };
		97C147011CF9000F007C117D /* LaunchScreen.storyboard in Resources */ = {isa = PBXBuildFile; fileRef = 97C146FF1CF9000F007C117D /* LaunchScreen.storyboard */; };
		9B067B7C253D72F300B31486 /* libsqlite3.tbd in Frameworks */ = {isa = PBXBuildFile; fileRef = 9BCC2FF7253974CA003F25F9 /* libsqlite3.tbd */; };
		9B067B7D253D75ED00B31486 /* libsqlite3.0.tbd in Frameworks */ = {isa = PBXBuildFile; fileRef = 9B067B7A253D72D400B31486 /* libsqlite3.0.tbd */; };
		9B60067325186980006065FB /* AppUser.m in Sources */ = {isa = PBXBuildFile; fileRef = 9B60067225186980006065FB /* AppUser.m */; };
		A3E379A54629A63DE55FE3B0 /* Pods_Runner.framework in Frameworks */ = {isa = PBXBuildFile; fileRef = 440084AE54AEF5AAA97F91B6 /* Pods_Runner.framework */; };
/* End PBXBuildFile section */

/* Begin PBXCopyFilesBuildPhase section */
		1AED2EE529C0346200809460 /* Embed Frameworks */ = {
			isa = PBXCopyFilesBuildPhase;
			buildActionMask = 2147483647;
			dstPath = "";
			dstSubfolderSpec = 10;
			files = (
				1AED2EE429C0346200809460 /* GRDFUSDK.framework in Embed Frameworks */,
			);
			name = "Embed Frameworks";
			runOnlyForDeploymentPostprocessing = 0;
		};
/* End PBXCopyFilesBuildPhase section */

/* Begin PBXFileReference section */
		0342C65F241928DC0066A545 /* main.m */ = {isa = PBXFileReference; fileEncoding = 4; lastKnownFileType = sourcecode.c.objc; path = main.m; sourceTree = "<group>"; };
		0345AFB6242CEA9700C70A75 /* Health GuageProfile.entitlements */ = {isa = PBXFileReference; lastKnownFileType = text.plist.entitlements; path = "Health GuageProfile.entitlements"; sourceTree = "<group>"; };
		034650C8241A2BC90018574A /* iOSDFULibrary.framework */ = {isa = PBXFileReference; lastKnownFileType = wrapper.framework; name = iOSDFULibrary.framework; path = "../../SDK-master/P17S1_iOS_SDK_20190831_V1.0/FunctionSDKTest/iOSDFULibrary.framework"; sourceTree = "<group>"; };
		034650CA241A2BE70018574A /* Zip.framework */ = {isa = PBXFileReference; lastKnownFileType = wrapper.framework; name = Zip.framework; path = "../../SDK-master/P17S1_iOS_SDK_20190831_V1.0/FunctionSDKTest/Zip.framework"; sourceTree = "<group>"; };
		034650CC241A2E470018574A /* FMDB.framework */ = {isa = PBXFileReference; explicitFileType = wrapper.framework; path = FMDB.framework; sourceTree = BUILT_PRODUCTS_DIR; };
		034E0608240917D60079B668 /* ZHDrawAnimationView.h */ = {isa = PBXFileReference; fileEncoding = 4; lastKnownFileType = sourcecode.c.h; path = ZHDrawAnimationView.h; sourceTree = "<group>"; };
		034E0609240917D60079B668 /* ZHEcgReportView.h */ = {isa = PBXFileReference; fileEncoding = 4; lastKnownFileType = sourcecode.c.h; path = ZHEcgReportView.h; sourceTree = "<group>"; };
		034E060A240917D60079B668 /* ZHAlarmClockModel.h */ = {isa = PBXFileReference; fileEncoding = 4; lastKnownFileType = sourcecode.c.h; path = ZHAlarmClockModel.h; sourceTree = "<group>"; };
		034E060B240917D60079B668 /* libWearHeartFunction.a */ = {isa = PBXFileReference; lastKnownFileType = archive.ar; path = libWearHeartFunction.a; sourceTree = "<group>"; };
		034E060C240917D60079B668 /* ZHSendCmdTool.h */ = {isa = PBXFileReference; fileEncoding = 4; lastKnownFileType = sourcecode.c.h; path = ZHSendCmdTool.h; sourceTree = "<group>"; };
		034E060D240917D60079B668 /* ZHBlePeripheral.h */ = {isa = PBXFileReference; fileEncoding = 4; lastKnownFileType = sourcecode.c.h; path = ZHBlePeripheral.h; sourceTree = "<group>"; };
		0384AB2C2418DCB000244857 /* ScanDeviceModel.h */ = {isa = PBXFileReference; lastKnownFileType = sourcecode.c.h; path = ScanDeviceModel.h; sourceTree = "<group>"; };
		0384AB302418DE4000244857 /* ScanDeviceModel.m */ = {isa = PBXFileReference; fileEncoding = 4; lastKnownFileType = sourcecode.c.objc; path = ScanDeviceModel.m; sourceTree = "<group>"; };
		0384AB32241918B100244857 /* AppDelegate.m */ = {isa = PBXFileReference; fileEncoding = 4; lastKnownFileType = sourcecode.c.objc; path = AppDelegate.m; sourceTree = "<group>"; };
		0384AB33241918B100244857 /* AppDelegate.h */ = {isa = PBXFileReference; fileEncoding = 4; lastKnownFileType = sourcecode.c.h; path = AppDelegate.h; sourceTree = "<group>"; };
		03D1C211248E6B47008F939B /* RunnerDebug.entitlements */ = {isa = PBXFileReference; lastKnownFileType = text.plist.entitlements; path = RunnerDebug.entitlements; sourceTree = "<group>"; };
		03D1C212248E6B47008F939B /* HealthKit.framework */ = {isa = PBXFileReference; lastKnownFileType = wrapper.framework; name = HealthKit.framework; path = System/Library/Frameworks/HealthKit.framework; sourceTree = SDKROOT; };
		03D6C91325066AC300BFA877 /* GSHealthKitManager.h */ = {isa = PBXFileReference; fileEncoding = 4; lastKnownFileType = sourcecode.c.h; path = GSHealthKitManager.h; sourceTree = "<group>"; };
		03D6C91425066AC300BFA877 /* GSHealthKitManager.m */ = {isa = PBXFileReference; fileEncoding = 4; lastKnownFileType = sourcecode.c.objc; path = GSHealthKitManager.m; sourceTree = "<group>"; };
		1498D2321E8E86230040F4C2 /* GeneratedPluginRegistrant.h */ = {isa = PBXFileReference; lastKnownFileType = sourcecode.c.h; path = GeneratedPluginRegistrant.h; sourceTree = "<group>"; };
		1498D2331E8E89220040F4C2 /* GeneratedPluginRegistrant.m */ = {isa = PBXFileReference; fileEncoding = 4; lastKnownFileType = sourcecode.c.objc; path = GeneratedPluginRegistrant.m; sourceTree = "<group>"; };
		1A36B46729BB3731008AB94D /* BackGroundService.swift */ = {isa = PBXFileReference; lastKnownFileType = sourcecode.swift; path = BackGroundService.swift; sourceTree = "<group>"; };
		1A36B46929BB3E0A008AB94D /* VeepooBleSDK.framework */ = {isa = PBXFileReference; lastKnownFileType = wrapper.framework; path = VeepooBleSDK.framework; sourceTree = "<group>"; };
		1A4C03372ABC5EA4003F12E5 /* clock_ticking.mp3 */ = {isa = PBXFileReference; lastKnownFileType = audio.mp3; name = clock_ticking.mp3; path = ../../../MedWatch/ios/Runner/clock_ticking.mp3; sourceTree = "<group>"; };
		1AED2EE129C0342500809460 /* GRDFUSDK.framework */ = {isa = PBXFileReference; lastKnownFileType = wrapper.framework; path = GRDFUSDK.framework; sourceTree = "<group>"; };
		1F2C02C5247C0D4B00315CAA /* Runner.entitlements */ = {isa = PBXFileReference; lastKnownFileType = text.plist.entitlements; path = Runner.entitlements; sourceTree = "<group>"; };
		1F5C7FA825AC3B2D00FDED27 /* InetBleSDK.framework */ = {isa = PBXFileReference; lastKnownFileType = wrapper.framework; path = InetBleSDK.framework; sourceTree = "<group>"; };
		1FAFF6D9261D6541009DB3AC /* YCBTProduct.h */ = {isa = PBXFileReference; lastKnownFileType = sourcecode.c.h; path = YCBTProduct.h; sourceTree = "<group>"; };
		1FAFF6DA261D6541009DB3AC /* YCBTConstants.h */ = {isa = PBXFileReference; lastKnownFileType = sourcecode.c.h; path = YCBTConstants.h; sourceTree = "<group>"; };
		1FAFF6DB261D6541009DB3AC /* YCECGResultManager.h */ = {isa = PBXFileReference; lastKnownFileType = sourcecode.c.h; path = YCECGResultManager.h; sourceTree = "<group>"; };
		1FAFF6DC261D6541009DB3AC /* libYCBleSDK.a */ = {isa = PBXFileReference; lastKnownFileType = archive.ar; path = libYCBleSDK.a; sourceTree = "<group>"; };
		1FAFF6DD261D6541009DB3AC /* YCBleUtils.h */ = {isa = PBXFileReference; lastKnownFileType = sourcecode.c.h; path = YCBleUtils.h; sourceTree = "<group>"; };
		1FAFF6DE261D6541009DB3AC /* CBPeripheral+RSSI.h */ = {isa = PBXFileReference; lastKnownFileType = sourcecode.c.h; path = "CBPeripheral+RSSI.h"; sourceTree = "<group>"; };
		1FAFF6DF261D6541009DB3AC /* NorchFilter.h */ = {isa = PBXFileReference; lastKnownFileType = sourcecode.c.h; path = NorchFilter.h; sourceTree = "<group>"; };
		1FAFF6E0261D6541009DB3AC /* hrv_index.h */ = {isa = PBXFileReference; lastKnownFileType = sourcecode.c.h; path = hrv_index.h; sourceTree = "<group>"; };
		1FF72A7325D2563A00C55D21 /* Runner-Bridging-Header.h */ = {isa = PBXFileReference; lastKnownFileType = sourcecode.c.h; path = "Runner-Bridging-Header.h"; sourceTree = "<group>"; };
		1FF72A7425D2563A00C55D21 /* TTS.swift */ = {isa = PBXFileReference; lastKnownFileType = sourcecode.swift; path = TTS.swift; sourceTree = "<group>"; };
		2EE6E794ED617E6B35841460 /* Pods-Runner.debug.xcconfig */ = {isa = PBXFileReference; includeInIndex = 1; lastKnownFileType = text.xcconfig; name = "Pods-Runner.debug.xcconfig"; path = "Target Support Files/Pods-Runner/Pods-Runner.debug.xcconfig"; sourceTree = "<group>"; };
		3B3967151E833CAA004F5970 /* AppFrameworkInfo.plist */ = {isa = PBXFileReference; fileEncoding = 4; lastKnownFileType = text.plist.xml; name = AppFrameworkInfo.plist; path = Flutter/AppFrameworkInfo.plist; sourceTree = "<group>"; };
		440084AE54AEF5AAA97F91B6 /* Pods_Runner.framework */ = {isa = PBXFileReference; explicitFileType = wrapper.framework; includeInIndex = 0; path = Pods_Runner.framework; sourceTree = BUILT_PRODUCTS_DIR; };
		4487F07D9A6132626D811FEA /* Pods-Runner.profile.xcconfig */ = {isa = PBXFileReference; includeInIndex = 1; lastKnownFileType = text.xcconfig; name = "Pods-Runner.profile.xcconfig"; path = "Target Support Files/Pods-Runner/Pods-Runner.profile.xcconfig"; sourceTree = "<group>"; };
		5EDF5365F64D7FC8D33A79BF /* Pods-Runner.release.xcconfig */ = {isa = PBXFileReference; includeInIndex = 1; lastKnownFileType = text.xcconfig; name = "Pods-Runner.release.xcconfig"; path = "Target Support Files/Pods-Runner/Pods-Runner.release.xcconfig"; sourceTree = "<group>"; };
		7AFA3C8E1D35360C0083082E /* Release.xcconfig */ = {isa = PBXFileReference; lastKnownFileType = text.xcconfig; name = Release.xcconfig; path = Flutter/Release.xcconfig; sourceTree = "<group>"; };
		9740EEB21CF90195004384FC /* Debug.xcconfig */ = {isa = PBXFileReference; fileEncoding = 4; lastKnownFileType = text.xcconfig; name = Debug.xcconfig; path = Flutter/Debug.xcconfig; sourceTree = "<group>"; };
		97B00A102AD6A9E600062406 /* GoogleService-Info.plist */ = {isa = PBXFileReference; fileEncoding = 4; lastKnownFileType = text.plist.xml; path = "GoogleService-Info.plist"; sourceTree = "<group>"; };
		97C146EE1CF9000F007C117D /* Runner.app */ = {isa = PBXFileReference; explicitFileType = wrapper.application; includeInIndex = 0; path = Runner.app; sourceTree = BUILT_PRODUCTS_DIR; };
		97C146FB1CF9000F007C117D /* Base */ = {isa = PBXFileReference; lastKnownFileType = file.storyboard; name = Base; path = Base.lproj/Main.storyboard; sourceTree = "<group>"; };
		97C146FD1CF9000F007C117D /* Assets.xcassets */ = {isa = PBXFileReference; lastKnownFileType = folder.assetcatalog; path = Assets.xcassets; sourceTree = "<group>"; };
		97C147001CF9000F007C117D /* Base */ = {isa = PBXFileReference; lastKnownFileType = file.storyboard; name = Base; path = Base.lproj/LaunchScreen.storyboard; sourceTree = "<group>"; };
		97C147021CF9000F007C117D /* Info.plist */ = {isa = PBXFileReference; lastKnownFileType = text.plist.xml; path = Info.plist; sourceTree = "<group>"; };
		9B067B7A253D72D400B31486 /* libsqlite3.0.tbd */ = {isa = PBXFileReference; lastKnownFileType = "sourcecode.text-based-dylib-definition"; name = libsqlite3.0.tbd; path = usr/lib/libsqlite3.0.tbd; sourceTree = SDKROOT; };
		9B60067225186980006065FB /* AppUser.m */ = {isa = PBXFileReference; lastKnownFileType = sourcecode.c.objc; path = AppUser.m; sourceTree = "<group>"; };
		9B600674251869C3006065FB /* AppUser.h */ = {isa = PBXFileReference; lastKnownFileType = sourcecode.c.h; path = AppUser.h; sourceTree = "<group>"; };
		9BCC2FF7253974CA003F25F9 /* libsqlite3.tbd */ = {isa = PBXFileReference; lastKnownFileType = "sourcecode.text-based-dylib-definition"; name = libsqlite3.tbd; path = usr/lib/libsqlite3.tbd; sourceTree = SDKROOT; };
/* End PBXFileReference section */

/* Begin PBXFrameworksBuildPhase section */
		97C146EB1CF9000F007C117D /* Frameworks */ = {
			isa = PBXFrameworksBuildPhase;
			buildActionMask = 2147483647;
			files = (
				1A2BBBB22B54FB1E00ABC3EE /* HealthKit.framework in Frameworks */,
				1A2BBBB42B54FB2100ABC3EE /* VeepooBleSDK.framework in Frameworks */,
				1AED2EE329C0346200809460 /* GRDFUSDK.framework in Frameworks */,
				1FAFF724261D6C65009DB3AC /* libYCBleSDK.a in Frameworks */,
				9B067B7C253D72F300B31486 /* libsqlite3.tbd in Frameworks */,
				1A2BBBB02B54FB1000ABC3EE /* InetBleSDK.framework in Frameworks */,
				034E060E240917D60079B668 /* libWearHeartFunction.a in Frameworks */,
				9B067B7D253D75ED00B31486 /* libsqlite3.0.tbd in Frameworks */,
				A3E379A54629A63DE55FE3B0 /* Pods_Runner.framework in Frameworks */,
			);
			runOnlyForDeploymentPostprocessing = 0;
		};
/* End PBXFrameworksBuildPhase section */

/* Begin PBXGroup section */
		034E0607240917D60079B668 /* P17S1_iOS_SDK_20190831_V1.0 */ = {
			isa = PBXGroup;
			children = (
				034E0608240917D60079B668 /* ZHDrawAnimationView.h */,
				034E0609240917D60079B668 /* ZHEcgReportView.h */,
				034E060A240917D60079B668 /* ZHAlarmClockModel.h */,
				034E060B240917D60079B668 /* libWearHeartFunction.a */,
				034E060C240917D60079B668 /* ZHSendCmdTool.h */,
				034E060D240917D60079B668 /* ZHBlePeripheral.h */,
			);
			path = P17S1_iOS_SDK_20190831_V1.0;
			sourceTree = "<group>";
		};
		14AB4C6791183E78A1D76498 /* Frameworks */ = {
			isa = PBXGroup;
			children = (
				9B067B7A253D72D400B31486 /* libsqlite3.0.tbd */,
				9BCC2FF7253974CA003F25F9 /* libsqlite3.tbd */,
				03D1C212248E6B47008F939B /* HealthKit.framework */,
				034650CC241A2E470018574A /* FMDB.framework */,
				034650CA241A2BE70018574A /* Zip.framework */,
				034650C8241A2BC90018574A /* iOSDFULibrary.framework */,
				440084AE54AEF5AAA97F91B6 /* Pods_Runner.framework */,
			);
			name = Frameworks;
			sourceTree = "<group>";
		};
		1FAFF6D8261D6541009DB3AC /* include */ = {
			isa = PBXGroup;
			children = (
				1FAFF6D9261D6541009DB3AC /* YCBTProduct.h */,
				1FAFF6DA261D6541009DB3AC /* YCBTConstants.h */,
				1FAFF6DB261D6541009DB3AC /* YCECGResultManager.h */,
				1FAFF6DC261D6541009DB3AC /* libYCBleSDK.a */,
				1FAFF6DD261D6541009DB3AC /* YCBleUtils.h */,
				1FAFF6DE261D6541009DB3AC /* CBPeripheral+RSSI.h */,
				1FAFF6DF261D6541009DB3AC /* NorchFilter.h */,
				1FAFF6E0261D6541009DB3AC /* hrv_index.h */,
			);
			path = include;
			sourceTree = "<group>";
		};
		9740EEB11CF90186004384FC /* Flutter */ = {
			isa = PBXGroup;
			children = (
				1FAFF6D8261D6541009DB3AC /* include */,
				1F5C7FA825AC3B2D00FDED27 /* InetBleSDK.framework */,
				3B3967151E833CAA004F5970 /* AppFrameworkInfo.plist */,
				9740EEB21CF90195004384FC /* Debug.xcconfig */,
				7AFA3C8E1D35360C0083082E /* Release.xcconfig */,
			);
			name = Flutter;
			sourceTree = "<group>";
		};
		97C146E51CF9000F007C117D = {
			isa = PBXGroup;
			children = (
				1FF72A7425D2563A00C55D21 /* TTS.swift */,
				9740EEB11CF90186004384FC /* Flutter */,
				97C146F01CF9000F007C117D /* Runner */,
				97C146EF1CF9000F007C117D /* Products */,
				E539550DAB71C7B6EA34D95C /* Pods */,
				14AB4C6791183E78A1D76498 /* Frameworks */,
				1FF72A7325D2563A00C55D21 /* Runner-Bridging-Header.h */,
			);
			sourceTree = "<group>";
		};
		97C146EF1CF9000F007C117D /* Products */ = {
			isa = PBXGroup;
			children = (
				97C146EE1CF9000F007C117D /* Runner.app */,
			);
			name = Products;
			sourceTree = "<group>";
		};
		97C146F01CF9000F007C117D /* Runner */ = {
			isa = PBXGroup;
			children = (
				97B00A102AD6A9E600062406 /* GoogleService-Info.plist */,
				1A4C03372ABC5EA4003F12E5 /* clock_ticking.mp3 */,
				1A36B46929BB3E0A008AB94D /* VeepooBleSDK.framework */,
				1AED2EE129C0342500809460 /* GRDFUSDK.framework */,
				03D6C91325066AC300BFA877 /* GSHealthKitManager.h */,
				03D6C91425066AC300BFA877 /* GSHealthKitManager.m */,
				03D1C211248E6B47008F939B /* RunnerDebug.entitlements */,
				1F2C02C5247C0D4B00315CAA /* Runner.entitlements */,
				0345AFB6242CEA9700C70A75 /* Health GuageProfile.entitlements */,
				0342C65F241928DC0066A545 /* main.m */,
				0384AB33241918B100244857 /* AppDelegate.h */,
				0384AB32241918B100244857 /* AppDelegate.m */,
				97C146FA1CF9000F007C117D /* Main.storyboard */,
				034E0607240917D60079B668 /* P17S1_iOS_SDK_20190831_V1.0 */,
				97C146FD1CF9000F007C117D /* Assets.xcassets */,
				97C146FF1CF9000F007C117D /* LaunchScreen.storyboard */,
				97C147021CF9000F007C117D /* Info.plist */,
				97C146F11CF9000F007C117D /* Supporting Files */,
				1498D2321E8E86230040F4C2 /* GeneratedPluginRegistrant.h */,
				1498D2331E8E89220040F4C2 /* GeneratedPluginRegistrant.m */,
				0384AB2C2418DCB000244857 /* ScanDeviceModel.h */,
				0384AB302418DE4000244857 /* ScanDeviceModel.m */,
				9B60067225186980006065FB /* AppUser.m */,
				9B600674251869C3006065FB /* AppUser.h */,
				1A36B46729BB3731008AB94D /* BackGroundService.swift */,
			);
			path = Runner;
			sourceTree = "<group>";
		};
		97C146F11CF9000F007C117D /* Supporting Files */ = {
			isa = PBXGroup;
			children = (
			);
			name = "Supporting Files";
			sourceTree = "<group>";
		};
		E539550DAB71C7B6EA34D95C /* Pods */ = {
			isa = PBXGroup;
			children = (
				2EE6E794ED617E6B35841460 /* Pods-Runner.debug.xcconfig */,
				5EDF5365F64D7FC8D33A79BF /* Pods-Runner.release.xcconfig */,
				4487F07D9A6132626D811FEA /* Pods-Runner.profile.xcconfig */,
			);
			path = Pods;
			sourceTree = "<group>";
		};
/* End PBXGroup section */

/* Begin PBXNativeTarget section */
		97C146ED1CF9000F007C117D /* Runner */ = {
			isa = PBXNativeTarget;
			buildConfigurationList = 97C147051CF9000F007C117D /* Build configuration list for PBXNativeTarget "Runner" */;
			buildPhases = (
				A2EA1FC1FB2AD42171F2B7F3 /* [CP] Check Pods Manifest.lock */,
				1AED2EE529C0346200809460 /* Embed Frameworks */,
				9740EEB61CF901F6004384FC /* Run Script */,
				97C146EA1CF9000F007C117D /* Sources */,
				97C146EC1CF9000F007C117D /* Resources */,
				97C146EB1CF9000F007C117D /* Frameworks */,
				3B06AD1E1E4923F5004D2608 /* Thin Binary */,
				1F4BC3AB25F1335A00A64EFD /* Crashlytics */,
				83D47160AE1F7A267FBD2BE1 /* [CP] Embed Pods Frameworks */,
				09D92ED2C1811872E9F8ADCA /* [CP] Copy Pods Resources */,
			);
			buildRules = (
			);
			dependencies = (
			);
			name = Runner;
			productName = Runner;
			productReference = 97C146EE1CF9000F007C117D /* Runner.app */;
			productType = "com.apple.product-type.application";
		};
/* End PBXNativeTarget section */

/* Begin PBXProject section */
		97C146E61CF9000F007C117D /* Project object */ = {
			isa = PBXProject;
			attributes = {
				LastUpgradeCheck = 1510;
				ORGANIZATIONNAME = "The Chromium Authors";
				TargetAttributes = {
					97C146ED1CF9000F007C117D = {
						CreatedOnToolsVersion = 7.3.1;
						LastSwiftMigration = 1220;
						ProvisioningStyle = Automatic;
					};
				};
			};
			buildConfigurationList = 97C146E91CF9000F007C117D /* Build configuration list for PBXProject "Runner" */;
			compatibilityVersion = "Xcode 3.2";
			developmentRegion = en;
			hasScannedForEncodings = 0;
			knownRegions = (
				en,
				Base,
			);
			mainGroup = 97C146E51CF9000F007C117D;
			productRefGroup = 97C146EF1CF9000F007C117D /* Products */;
			projectDirPath = "";
			projectRoot = "";
			targets = (
				97C146ED1CF9000F007C117D /* Runner */,
			);
		};
/* End PBXProject section */

/* Begin PBXResourcesBuildPhase section */
		97C146EC1CF9000F007C117D /* Resources */ = {
			isa = PBXResourcesBuildPhase;
			buildActionMask = 2147483647;
			files = (
				97C147011CF9000F007C117D /* LaunchScreen.storyboard in Resources */,
				3B3967161E833CAA004F5970 /* AppFrameworkInfo.plist in Resources */,
				1A4C03382ABC5EA4003F12E5 /* clock_ticking.mp3 in Resources */,
				97C146FE1CF9000F007C117D /* Assets.xcassets in Resources */,
				97C146FC1CF9000F007C117D /* Main.storyboard in Resources */,
				97B00A112AD6A9E600062406 /* GoogleService-Info.plist in Resources */,
			);
			runOnlyForDeploymentPostprocessing = 0;
		};
/* End PBXResourcesBuildPhase section */

/* Begin PBXShellScriptBuildPhase section */
		09D92ED2C1811872E9F8ADCA /* [CP] Copy Pods Resources */ = {
			isa = PBXShellScriptBuildPhase;
			buildActionMask = 2147483647;
			files = (
			);
			inputPaths = (
				"${PODS_ROOT}/Target Support Files/Pods-Runner/Pods-Runner-resources.sh",
				"${PODS_ROOT}/GoogleMaps/Maps/Frameworks/GoogleMaps.xcframework/ios-arm64/GoogleMaps.framework/Resources/GoogleMaps.bundle",
				"${PODS_ROOT}/GoogleMaps/Maps/Frameworks/GoogleMaps.xcframework/ios-arm64_x86_64-simulator/GoogleMaps.framework/Resources/GoogleMaps.bundle",
				"${PODS_CONFIGURATION_BUILD_DIR}/google_maps_flutter_ios/google_maps_flutter_ios_privacy.bundle",
			);
			name = "[CP] Copy Pods Resources";
			outputPaths = (
				"${TARGET_BUILD_DIR}/${UNLOCALIZED_RESOURCES_FOLDER_PATH}/GoogleMaps.bundle",
				"${TARGET_BUILD_DIR}/${UNLOCALIZED_RESOURCES_FOLDER_PATH}/google_maps_flutter_ios_privacy.bundle",
			);
			runOnlyForDeploymentPostprocessing = 0;
			shellPath = /bin/sh;
			shellScript = "\"${PODS_ROOT}/Target Support Files/Pods-Runner/Pods-Runner-resources.sh\"\n";
			showEnvVarsInLog = 0;
		};
		1F4BC3AB25F1335A00A64EFD /* Crashlytics */ = {
			isa = PBXShellScriptBuildPhase;
			buildActionMask = 2147483647;
			files = (
			);
			inputFileListPaths = (
			);
			inputPaths = (
				"${DWARF_DSYM_FOLDER_PATH}/${DWARF_DSYM_FILE_NAME}/Contents/Resources/DWARF/${TARGET_NAME}\n",
				"$(SRCROOT)/$(BUILT_PRODUCTS_DIR)/$(INFOPLIST_PATH)\n\n",
			);
			name = Crashlytics;
			outputFileListPaths = (
			);
			outputPaths = (
			);
			runOnlyForDeploymentPostprocessing = 0;
			shellPath = /bin/sh;
			shellScript = "\"${PODS_ROOT}/FirebaseCrashlytics/run\"\n";
		};
		3B06AD1E1E4923F5004D2608 /* Thin Binary */ = {
			isa = PBXShellScriptBuildPhase;
			alwaysOutOfDate = 1;
			buildActionMask = 2147483647;
			files = (
			);
			inputPaths = (
				"${TARGET_BUILD_DIR}/${INFOPLIST_PATH}",
			);
			name = "Thin Binary";
			outputPaths = (
			);
			runOnlyForDeploymentPostprocessing = 0;
			shellPath = /bin/sh;
			shellScript = "
";
		};
		83D47160AE1F7A267FBD2BE1 /* [CP] Embed Pods Frameworks */ = {
			isa = PBXShellScriptBuildPhase;
			buildActionMask = 2147483647;
			files = (
			);
			inputPaths = (
				"${PODS_ROOT}/Target Support Files/Pods-Runner/Pods-Runner-frameworks.sh",
				"${BUILT_PRODUCTS_DIR}/AFNetworking/AFNetworking.framework",
				"${BUILT_PRODUCTS_DIR}/BoringSSL-GRPC/openssl_grpc.framework",
				"${BUILT_PRODUCTS_DIR}/DKImagePickerController/DKImagePickerController.framework",
				"${BUILT_PRODUCTS_DIR}/DKPhotoGallery/DKPhotoGallery.framework",
				"${BUILT_PRODUCTS_DIR}/DatadogSDK/Datadog.framework",
				"${BUILT_PRODUCTS_DIR}/DictionaryCoder/DictionaryCoder.framework",
				"${BUILT_PRODUCTS_DIR}/FMDB/FMDB.framework",
				"${BUILT_PRODUCTS_DIR}/FirebaseAppCheckInterop/FirebaseAppCheckInterop.framework",
				"${BUILT_PRODUCTS_DIR}/FirebaseAuth/FirebaseAuth.framework",
				"${BUILT_PRODUCTS_DIR}/FirebaseCore/FirebaseCore.framework",
				"${BUILT_PRODUCTS_DIR}/FirebaseCoreExtension/FirebaseCoreExtension.framework",
				"${BUILT_PRODUCTS_DIR}/FirebaseCoreInternal/FirebaseCoreInternal.framework",
				"${BUILT_PRODUCTS_DIR}/FirebaseCrashlytics/FirebaseCrashlytics.framework",
				"${BUILT_PRODUCTS_DIR}/FirebaseDynamicLinks/FirebaseDynamicLinks.framework",
				"${BUILT_PRODUCTS_DIR}/FirebaseFirestore/FirebaseFirestore.framework",
				"${BUILT_PRODUCTS_DIR}/FirebaseInstallations/FirebaseInstallations.framework",
				"${BUILT_PRODUCTS_DIR}/FirebaseMessaging/FirebaseMessaging.framework",
				"${BUILT_PRODUCTS_DIR}/FirebaseSessions/FirebaseSessions.framework",
				"${BUILT_PRODUCTS_DIR}/GTMSessionFetcher/GTMSessionFetcher.framework",
				"${BUILT_PRODUCTS_DIR}/GoogleDataTransport/GoogleDataTransport.framework",
				"${BUILT_PRODUCTS_DIR}/GoogleUtilities/GoogleUtilities.framework",
				"${BUILT_PRODUCTS_DIR}/MJExtension/MJExtension.framework",
				"${BUILT_PRODUCTS_DIR}/PromisesObjC/FBLPromises.framework",
				"${BUILT_PRODUCTS_DIR}/PromisesSwift/Promises.framework",
				"${BUILT_PRODUCTS_DIR}/ReachabilitySwift/Reachability.framework",
				"${BUILT_PRODUCTS_DIR}/RecaptchaInterop/RecaptchaInterop.framework",
				"${BUILT_PRODUCTS_DIR}/SDWebImage/SDWebImage.framework",
				"${BUILT_PRODUCTS_DIR}/Sentry/Sentry.framework",
				"${BUILT_PRODUCTS_DIR}/SentryPrivate/SentryPrivate.framework",
				"${BUILT_PRODUCTS_DIR}/SwiftyGif/SwiftyGif.framework",
				"${BUILT_PRODUCTS_DIR}/TOCropViewController/TOCropViewController.framework",
				"${BUILT_PRODUCTS_DIR}/Toast/Toast.framework",
				"${BUILT_PRODUCTS_DIR}/Try/Try.framework",
				"${BUILT_PRODUCTS_DIR}/ZIPFoundation/ZIPFoundation.framework",
				"${BUILT_PRODUCTS_DIR}/abseil/absl.framework",
				"${BUILT_PRODUCTS_DIR}/activity_recognition_flutter/activity_recognition_flutter.framework",
				"${BUILT_PRODUCTS_DIR}/advance_pdf_viewer/advance_pdf_viewer.framework",
				"${BUILT_PRODUCTS_DIR}/app_settings/app_settings.framework",
				"${BUILT_PRODUCTS_DIR}/camera_avfoundation/camera_avfoundation.framework",
				"${BUILT_PRODUCTS_DIR}/connectivity_plus/connectivity_plus.framework",
				"${BUILT_PRODUCTS_DIR}/device_info/device_info.framework",
				"${BUILT_PRODUCTS_DIR}/emoji_picker_flutter/emoji_picker_flutter.framework",
				"${BUILT_PRODUCTS_DIR}/file_picker/file_picker.framework",
				"${BUILT_PRODUCTS_DIR}/flutter_blue_plus/flutter_blue_plus.framework",
				"${BUILT_PRODUCTS_DIR}/flutter_downloader/flutter_downloader.framework",
				"${BUILT_PRODUCTS_DIR}/flutter_full_pdf_viewer/flutter_full_pdf_viewer.framework",
				"${BUILT_PRODUCTS_DIR}/flutter_keyboard_visibility/flutter_keyboard_visibility.framework",
				"${BUILT_PRODUCTS_DIR}/flutter_local_notifications/flutter_local_notifications.framework",
				"${BUILT_PRODUCTS_DIR}/flutter_logs/flutter_logs.framework",
				"${BUILT_PRODUCTS_DIR}/flutter_nordic_dfu/flutter_nordic_dfu.framework",
				"${BUILT_PRODUCTS_DIR}/flutter_secure_storage/flutter_secure_storage.framework",
				"${BUILT_PRODUCTS_DIR}/fluttertoast/fluttertoast.framework",
				"${BUILT_PRODUCTS_DIR}/gRPC-C++/grpcpp.framework",
				"${BUILT_PRODUCTS_DIR}/gRPC-Core/grpc.framework",
				"${BUILT_PRODUCTS_DIR}/geocoding_ios/geocoding_ios.framework",
				"${BUILT_PRODUCTS_DIR}/geolocator_apple/geolocator_apple.framework",
				"${BUILT_PRODUCTS_DIR}/iOSDFULibrary/iOSDFULibrary.framework",
				"${BUILT_PRODUCTS_DIR}/image_cropper/image_cropper.framework",
				"${BUILT_PRODUCTS_DIR}/image_downloader/image_downloader.framework",
				"${BUILT_PRODUCTS_DIR}/image_gallery_saver/image_gallery_saver.framework",
				"${BUILT_PRODUCTS_DIR}/image_picker_ios/image_picker_ios.framework",
				"${BUILT_PRODUCTS_DIR}/leveldb-library/leveldb.framework",
				"${BUILT_PRODUCTS_DIR}/location/location.framework",
				"${BUILT_PRODUCTS_DIR}/nanopb/nanopb.framework",
				"${BUILT_PRODUCTS_DIR}/network_info_plus/network_info_plus.framework",
				"${BUILT_PRODUCTS_DIR}/open_file_plus/open_file_plus.framework",
				"${BUILT_PRODUCTS_DIR}/package_info_plus/package_info_plus.framework",
				"${BUILT_PRODUCTS_DIR}/path_provider_foundation/path_provider_foundation.framework",
				"${BUILT_PRODUCTS_DIR}/sentry_flutter/sentry_flutter.framework",
				"${BUILT_PRODUCTS_DIR}/shared_preferences_foundation/shared_preferences_foundation.framework",
				"${BUILT_PRODUCTS_DIR}/smart_auth/smart_auth.framework",
				"${BUILT_PRODUCTS_DIR}/speech_to_text/speech_to_text.framework",
				"${BUILT_PRODUCTS_DIR}/sqflite/sqflite.framework",
				"${BUILT_PRODUCTS_DIR}/terra_flutter_bridge/terra_flutter_bridge.framework",
				"${BUILT_PRODUCTS_DIR}/url_launcher_ios/url_launcher_ios.framework",
				"${BUILT_PRODUCTS_DIR}/video_player_avfoundation/video_player_avfoundation.framework",
				"${BUILT_PRODUCTS_DIR}/wakelock/wakelock.framework",
				"${BUILT_PRODUCTS_DIR}/webview_flutter_wkwebview/webview_flutter_wkwebview.framework",
				"${PODS_XCFRAMEWORKS_BUILD_DIR}/TerraiOS/TerraiOS.framework/TerraiOS",
			);
			name = "[CP] Embed Pods Frameworks";
			outputPaths = (
				"${TARGET_BUILD_DIR}/${FRAMEWORKS_FOLDER_PATH}/AFNetworking.framework",
				"${TARGET_BUILD_DIR}/${FRAMEWORKS_FOLDER_PATH}/openssl_grpc.framework",
				"${TARGET_BUILD_DIR}/${FRAMEWORKS_FOLDER_PATH}/DKImagePickerController.framework",
				"${TARGET_BUILD_DIR}/${FRAMEWORKS_FOLDER_PATH}/DKPhotoGallery.framework",
				"${TARGET_BUILD_DIR}/${FRAMEWORKS_FOLDER_PATH}/Datadog.framework",
				"${TARGET_BUILD_DIR}/${FRAMEWORKS_FOLDER_PATH}/DictionaryCoder.framework",
				"${TARGET_BUILD_DIR}/${FRAMEWORKS_FOLDER_PATH}/FMDB.framework",
				"${TARGET_BUILD_DIR}/${FRAMEWORKS_FOLDER_PATH}/FirebaseAppCheckInterop.framework",
				"${TARGET_BUILD_DIR}/${FRAMEWORKS_FOLDER_PATH}/FirebaseAuth.framework",
				"${TARGET_BUILD_DIR}/${FRAMEWORKS_FOLDER_PATH}/FirebaseCore.framework",
				"${TARGET_BUILD_DIR}/${FRAMEWORKS_FOLDER_PATH}/FirebaseCoreExtension.framework",
				"${TARGET_BUILD_DIR}/${FRAMEWORKS_FOLDER_PATH}/FirebaseCoreInternal.framework",
				"${TARGET_BUILD_DIR}/${FRAMEWORKS_FOLDER_PATH}/FirebaseCrashlytics.framework",
				"${TARGET_BUILD_DIR}/${FRAMEWORKS_FOLDER_PATH}/FirebaseDynamicLinks.framework",
				"${TARGET_BUILD_DIR}/${FRAMEWORKS_FOLDER_PATH}/FirebaseFirestore.framework",
				"${TARGET_BUILD_DIR}/${FRAMEWORKS_FOLDER_PATH}/FirebaseInstallations.framework",
				"${TARGET_BUILD_DIR}/${FRAMEWORKS_FOLDER_PATH}/FirebaseMessaging.framework",
				"${TARGET_BUILD_DIR}/${FRAMEWORKS_FOLDER_PATH}/FirebaseSessions.framework",
				"${TARGET_BUILD_DIR}/${FRAMEWORKS_FOLDER_PATH}/GTMSessionFetcher.framework",
				"${TARGET_BUILD_DIR}/${FRAMEWORKS_FOLDER_PATH}/GoogleDataTransport.framework",
				"${TARGET_BUILD_DIR}/${FRAMEWORKS_FOLDER_PATH}/GoogleUtilities.framework",
				"${TARGET_BUILD_DIR}/${FRAMEWORKS_FOLDER_PATH}/MJExtension.framework",
				"${TARGET_BUILD_DIR}/${FRAMEWORKS_FOLDER_PATH}/FBLPromises.framework",
				"${TARGET_BUILD_DIR}/${FRAMEWORKS_FOLDER_PATH}/Promises.framework",
				"${TARGET_BUILD_DIR}/${FRAMEWORKS_FOLDER_PATH}/Reachability.framework",
				"${TARGET_BUILD_DIR}/${FRAMEWORKS_FOLDER_PATH}/RecaptchaInterop.framework",
				"${TARGET_BUILD_DIR}/${FRAMEWORKS_FOLDER_PATH}/SDWebImage.framework",
				"${TARGET_BUILD_DIR}/${FRAMEWORKS_FOLDER_PATH}/Sentry.framework",
				"${TARGET_BUILD_DIR}/${FRAMEWORKS_FOLDER_PATH}/SentryPrivate.framework",
				"${TARGET_BUILD_DIR}/${FRAMEWORKS_FOLDER_PATH}/SwiftyGif.framework",
				"${TARGET_BUILD_DIR}/${FRAMEWORKS_FOLDER_PATH}/TOCropViewController.framework",
				"${TARGET_BUILD_DIR}/${FRAMEWORKS_FOLDER_PATH}/Toast.framework",
				"${TARGET_BUILD_DIR}/${FRAMEWORKS_FOLDER_PATH}/Try.framework",
				"${TARGET_BUILD_DIR}/${FRAMEWORKS_FOLDER_PATH}/ZIPFoundation.framework",
				"${TARGET_BUILD_DIR}/${FRAMEWORKS_FOLDER_PATH}/absl.framework",
				"${TARGET_BUILD_DIR}/${FRAMEWORKS_FOLDER_PATH}/activity_recognition_flutter.framework",
				"${TARGET_BUILD_DIR}/${FRAMEWORKS_FOLDER_PATH}/advance_pdf_viewer.framework",
				"${TARGET_BUILD_DIR}/${FRAMEWORKS_FOLDER_PATH}/app_settings.framework",
				"${TARGET_BUILD_DIR}/${FRAMEWORKS_FOLDER_PATH}/camera_avfoundation.framework",
				"${TARGET_BUILD_DIR}/${FRAMEWORKS_FOLDER_PATH}/connectivity_plus.framework",
				"${TARGET_BUILD_DIR}/${FRAMEWORKS_FOLDER_PATH}/device_info.framework",
				"${TARGET_BUILD_DIR}/${FRAMEWORKS_FOLDER_PATH}/emoji_picker_flutter.framework",
				"${TARGET_BUILD_DIR}/${FRAMEWORKS_FOLDER_PATH}/file_picker.framework",
				"${TARGET_BUILD_DIR}/${FRAMEWORKS_FOLDER_PATH}/flutter_blue_plus.framework",
				"${TARGET_BUILD_DIR}/${FRAMEWORKS_FOLDER_PATH}/flutter_downloader.framework",
				"${TARGET_BUILD_DIR}/${FRAMEWORKS_FOLDER_PATH}/flutter_full_pdf_viewer.framework",
				"${TARGET_BUILD_DIR}/${FRAMEWORKS_FOLDER_PATH}/flutter_keyboard_visibility.framework",
				"${TARGET_BUILD_DIR}/${FRAMEWORKS_FOLDER_PATH}/flutter_local_notifications.framework",
				"${TARGET_BUILD_DIR}/${FRAMEWORKS_FOLDER_PATH}/flutter_logs.framework",
				"${TARGET_BUILD_DIR}/${FRAMEWORKS_FOLDER_PATH}/flutter_nordic_dfu.framework",
				"${TARGET_BUILD_DIR}/${FRAMEWORKS_FOLDER_PATH}/flutter_secure_storage.framework",
				"${TARGET_BUILD_DIR}/${FRAMEWORKS_FOLDER_PATH}/fluttertoast.framework",
				"${TARGET_BUILD_DIR}/${FRAMEWORKS_FOLDER_PATH}/grpcpp.framework",
				"${TARGET_BUILD_DIR}/${FRAMEWORKS_FOLDER_PATH}/grpc.framework",
				"${TARGET_BUILD_DIR}/${FRAMEWORKS_FOLDER_PATH}/geocoding_ios.framework",
				"${TARGET_BUILD_DIR}/${FRAMEWORKS_FOLDER_PATH}/geolocator_apple.framework",
				"${TARGET_BUILD_DIR}/${FRAMEWORKS_FOLDER_PATH}/iOSDFULibrary.framework",
				"${TARGET_BUILD_DIR}/${FRAMEWORKS_FOLDER_PATH}/image_cropper.framework",
				"${TARGET_BUILD_DIR}/${FRAMEWORKS_FOLDER_PATH}/image_downloader.framework",
				"${TARGET_BUILD_DIR}/${FRAMEWORKS_FOLDER_PATH}/image_gallery_saver.framework",
				"${TARGET_BUILD_DIR}/${FRAMEWORKS_FOLDER_PATH}/image_picker_ios.framework",
				"${TARGET_BUILD_DIR}/${FRAMEWORKS_FOLDER_PATH}/leveldb.framework",
				"${TARGET_BUILD_DIR}/${FRAMEWORKS_FOLDER_PATH}/location.framework",
				"${TARGET_BUILD_DIR}/${FRAMEWORKS_FOLDER_PATH}/nanopb.framework",
				"${TARGET_BUILD_DIR}/${FRAMEWORKS_FOLDER_PATH}/network_info_plus.framework",
				"${TARGET_BUILD_DIR}/${FRAMEWORKS_FOLDER_PATH}/open_file_plus.framework",
				"${TARGET_BUILD_DIR}/${FRAMEWORKS_FOLDER_PATH}/package_info_plus.framework",
				"${TARGET_BUILD_DIR}/${FRAMEWORKS_FOLDER_PATH}/path_provider_foundation.framework",
				"${TARGET_BUILD_DIR}/${FRAMEWORKS_FOLDER_PATH}/sentry_flutter.framework",
				"${TARGET_BUILD_DIR}/${FRAMEWORKS_FOLDER_PATH}/shared_preferences_foundation.framework",
				"${TARGET_BUILD_DIR}/${FRAMEWORKS_FOLDER_PATH}/smart_auth.framework",
				"${TARGET_BUILD_DIR}/${FRAMEWORKS_FOLDER_PATH}/speech_to_text.framework",
				"${TARGET_BUILD_DIR}/${FRAMEWORKS_FOLDER_PATH}/sqflite.framework",
				"${TARGET_BUILD_DIR}/${FRAMEWORKS_FOLDER_PATH}/terra_flutter_bridge.framework",
				"${TARGET_BUILD_DIR}/${FRAMEWORKS_FOLDER_PATH}/url_launcher_ios.framework",
				"${TARGET_BUILD_DIR}/${FRAMEWORKS_FOLDER_PATH}/video_player_avfoundation.framework",
				"${TARGET_BUILD_DIR}/${FRAMEWORKS_FOLDER_PATH}/wakelock.framework",
				"${TARGET_BUILD_DIR}/${FRAMEWORKS_FOLDER_PATH}/webview_flutter_wkwebview.framework",
				"${TARGET_BUILD_DIR}/${FRAMEWORKS_FOLDER_PATH}/TerraiOS.framework",
			);
			runOnlyForDeploymentPostprocessing = 0;
			shellPath = /bin/sh;
			shellScript = "\"${PODS_ROOT}/Target Support Files/Pods-Runner/Pods-Runner-frameworks.sh\"\n";
			showEnvVarsInLog = 0;
		};
		9740EEB61CF901F6004384FC /* Run Script */ = {
			isa = PBXShellScriptBuildPhase;
			buildActionMask = 12;
			files = (
			);
			inputPaths = (
			);
			name = "Run Script";
			outputPaths = (
			);
			runOnlyForDeploymentPostprocessing = 0;
			shellPath = /bin/sh;
			shellScript = "/bin/sh \"$FLUTTER_ROOT/packages/flutter_tools/bin/xcode_backend.sh\" build\n/bin/sh \"$FLUTTER_ROOT/packages/flutter_tools/bin/xcode_backend.sh\" embed\n\"$FLUTTER_ROOT/packages/flutter_tools/bin/xcode_backend.sh\" thin\n";
		};
		A2EA1FC1FB2AD42171F2B7F3 /* [CP] Check Pods Manifest.lock */ = {
			isa = PBXShellScriptBuildPhase;
			buildActionMask = 2147483647;
			files = (
			);
			inputFileListPaths = (
			);
			inputPaths = (
				"${PODS_PODFILE_DIR_PATH}/Podfile.lock",
				"${PODS_ROOT}/Manifest.lock",
			);
			name = "[CP] Check Pods Manifest.lock";
			outputFileListPaths = (
			);
			outputPaths = (
				"$(DERIVED_FILE_DIR)/Pods-Runner-checkManifestLockResult.txt",
			);
			runOnlyForDeploymentPostprocessing = 0;
			shellPath = /bin/sh;
			shellScript = "diff \"${PODS_PODFILE_DIR_PATH}/Podfile.lock\" \"${PODS_ROOT}/Manifest.lock\" > /dev/null\nif [ $? != 0 ] ; then\n    # print error to STDERR\n    echo \"error: The sandbox is not in sync with the Podfile.lock. Run 'pod install' or update your CocoaPods installation.\" >&2\n    exit 1\nfi\n# This output is used by Xcode 'outputs' to avoid re-running this script phase.\necho \"SUCCESS\" > \"${SCRIPT_OUTPUT_FILE_0}\"\n";
			showEnvVarsInLog = 0;
		};
/* End PBXShellScriptBuildPhase section */

/* Begin PBXSourcesBuildPhase section */
		97C146EA1CF9000F007C117D /* Sources */ = {
			isa = PBXSourcesBuildPhase;
			buildActionMask = 2147483647;
			files = (
				1FF72A7525D2563A00C55D21 /* TTS.swift in Sources */,
				9B60067325186980006065FB /* AppUser.m in Sources */,
				0384AB34241918B200244857 /* AppDelegate.m in Sources */,
				1A36B46829BB3731008AB94D /* BackGroundService.swift in Sources */,
				0384AB312418DE4000244857 /* ScanDeviceModel.m in Sources */,
				03D6C91525066AC300BFA877 /* GSHealthKitManager.m in Sources */,
				0342C660241928DC0066A545 /* main.m in Sources */,
				1498D2341E8E89220040F4C2 /* GeneratedPluginRegistrant.m in Sources */,
			);
			runOnlyForDeploymentPostprocessing = 0;
		};
/* End PBXSourcesBuildPhase section */

/* Begin PBXVariantGroup section */
		97C146FA1CF9000F007C117D /* Main.storyboard */ = {
			isa = PBXVariantGroup;
			children = (
				97C146FB1CF9000F007C117D /* Base */,
			);
			name = Main.storyboard;
			sourceTree = "<group>";
		};
		97C146FF1CF9000F007C117D /* LaunchScreen.storyboard */ = {
			isa = PBXVariantGroup;
			children = (
				97C147001CF9000F007C117D /* Base */,
			);
			name = LaunchScreen.storyboard;
			sourceTree = "<group>";
		};
/* End PBXVariantGroup section */

/* Begin XCBuildConfiguration section */
		249021D3217E4FDB00AE95B9 /* Profile */ = {
			isa = XCBuildConfiguration;
			buildSettings = {
				ALWAYS_SEARCH_USER_PATHS = NO;
				CLANG_ANALYZER_NONNULL = YES;
				CLANG_CXX_LANGUAGE_STANDARD = "gnu++0x";
				CLANG_CXX_LIBRARY = "libc++";
				CLANG_ENABLE_MODULES = YES;
				CLANG_ENABLE_OBJC_ARC = YES;
				CLANG_WARN_BLOCK_CAPTURE_AUTORELEASING = YES;
				CLANG_WARN_BOOL_CONVERSION = YES;
				CLANG_WARN_COMMA = YES;
				CLANG_WARN_CONSTANT_CONVERSION = YES;
				CLANG_WARN_DEPRECATED_OBJC_IMPLEMENTATIONS = YES;
				CLANG_WARN_DIRECT_OBJC_ISA_USAGE = YES_ERROR;
				CLANG_WARN_EMPTY_BODY = YES;
				CLANG_WARN_ENUM_CONVERSION = YES;
				CLANG_WARN_INFINITE_RECURSION = YES;
				CLANG_WARN_INT_CONVERSION = YES;
				CLANG_WARN_NON_LITERAL_NULL_CONVERSION = YES;
				CLANG_WARN_OBJC_IMPLICIT_RETAIN_SELF = YES;
				CLANG_WARN_OBJC_LITERAL_CONVERSION = YES;
				CLANG_WARN_OBJC_ROOT_CLASS = YES_ERROR;
				CLANG_WARN_RANGE_LOOP_ANALYSIS = YES;
				CLANG_WARN_STRICT_PROTOTYPES = YES;
				CLANG_WARN_SUSPICIOUS_MOVE = YES;
				CLANG_WARN_UNREACHABLE_CODE = YES;
				CLANG_WARN__DUPLICATE_METHOD_MATCH = YES;
				"CODE_SIGN_IDENTITY[sdk=iphoneos*]" = "iPhone Developer";
				COPY_PHASE_STRIP = NO;
				DEBUG_INFORMATION_FORMAT = "dwarf-with-dsym";
				ENABLE_NS_ASSERTIONS = NO;
				ENABLE_STRICT_OBJC_MSGSEND = YES;
				GCC_C_LANGUAGE_STANDARD = gnu99;
				GCC_NO_COMMON_BLOCKS = YES;
				GCC_WARN_64_TO_32_BIT_CONVERSION = YES;
				GCC_WARN_ABOUT_RETURN_TYPE = YES_ERROR;
				GCC_WARN_UNDECLARED_SELECTOR = YES;
				GCC_WARN_UNINITIALIZED_AUTOS = YES_AGGRESSIVE;
				GCC_WARN_UNUSED_FUNCTION = YES;
				GCC_WARN_UNUSED_VARIABLE = YES;
				IPHONEOS_DEPLOYMENT_TARGET = 12.0;
				MTL_ENABLE_DEBUG_INFO = NO;
				SDKROOT = iphoneos;
				SUPPORTED_PLATFORMS = iphoneos;
				TARGETED_DEVICE_FAMILY = "1,2";
				VALIDATE_PRODUCT = YES;
			};
			name = Profile;
		};
		249021D4217E4FDB00AE95B9 /* Profile */ = {
			isa = XCBuildConfiguration;
			baseConfigurationReference = 7AFA3C8E1D35360C0083082E /* Release.xcconfig */;
			buildSettings = {
				ASSETCATALOG_COMPILER_APPICON_NAME = AppIcon;
				CLANG_ENABLE_MODULES = YES;
				CODE_SIGN_ENTITLEMENTS = "Runner/Health GuageProfile.entitlements";
				CODE_SIGN_IDENTITY = "Apple Development";
				CODE_SIGN_STYLE = Automatic;
				CURRENT_PROJECT_VERSION = 13;
				DEVELOPMENT_TEAM = BQ6BWMFU6W;
				ENABLE_BITCODE = NO;
				FRAMEWORK_SEARCH_PATHS = (
					"$(inherited)",
					"$(PROJECT_DIR)/Flutter",
					"$(PROJECT_DIR)",
					"$(PROJECT_DIR)/Runner",
				);
				INFOPLIST_FILE = Runner/Info.plist;
				IPHONEOS_DEPLOYMENT_TARGET = 13.0;
				LD_RUNPATH_SEARCH_PATHS = (
					"$(inherited)",
					"@executable_path/Frameworks",
				);
				LIBRARY_SEARCH_PATHS = (
					"$(inherited)",
					"$(PROJECT_DIR)/Runner/P17S1_iOS_SDK_20190831_V1.0/**",
					"$(PROJECT_DIR)/Flutter",
					"$(PROJECT_DIR)/include",
				);
				MARKETING_VERSION = 2.0.12;
				PRODUCT_BUNDLE_IDENTIFIER = com.HG.HealthGauge;
				PRODUCT_NAME = Runner;
				PROVISIONING_PROFILE_SPECIFIER = "";
				SUPPORTED_PLATFORMS = "iphonesimulator iphoneos";
				SWIFT_OBJC_BRIDGING_HEADER = "Runner-Bridging-Header.h";
				SWIFT_VERSION = 5.0;
				TARGETED_DEVICE_FAMILY = 1;
				VALID_ARCHS = "arm64 arm64e armv7 armv7s x86_64";
				VERSIONING_SYSTEM = "apple-generic";
			};
			name = Profile;
		};
		97C147031CF9000F007C117D /* Debug */ = {
			isa = XCBuildConfiguration;
			buildSettings = {
				ALWAYS_SEARCH_USER_PATHS = NO;
				CLANG_ANALYZER_NONNULL = YES;
				CLANG_CXX_LANGUAGE_STANDARD = "gnu++0x";
				CLANG_CXX_LIBRARY = "libc++";
				CLANG_ENABLE_MODULES = YES;
				CLANG_ENABLE_OBJC_ARC = YES;
				CLANG_WARN_BLOCK_CAPTURE_AUTORELEASING = YES;
				CLANG_WARN_BOOL_CONVERSION = YES;
				CLANG_WARN_COMMA = YES;
				CLANG_WARN_CONSTANT_CONVERSION = YES;
				CLANG_WARN_DEPRECATED_OBJC_IMPLEMENTATIONS = YES;
				CLANG_WARN_DIRECT_OBJC_ISA_USAGE = YES_ERROR;
				CLANG_WARN_EMPTY_BODY = YES;
				CLANG_WARN_ENUM_CONVERSION = YES;
				CLANG_WARN_INFINITE_RECURSION = YES;
				CLANG_WARN_INT_CONVERSION = YES;
				CLANG_WARN_NON_LITERAL_NULL_CONVERSION = YES;
				CLANG_WARN_OBJC_IMPLICIT_RETAIN_SELF = YES;
				CLANG_WARN_OBJC_LITERAL_CONVERSION = YES;
				CLANG_WARN_OBJC_ROOT_CLASS = YES_ERROR;
				CLANG_WARN_RANGE_LOOP_ANALYSIS = YES;
				CLANG_WARN_STRICT_PROTOTYPES = YES;
				CLANG_WARN_SUSPICIOUS_MOVE = YES;
				CLANG_WARN_UNREACHABLE_CODE = YES;
				CLANG_WARN__DUPLICATE_METHOD_MATCH = YES;
				"CODE_SIGN_IDENTITY[sdk=iphoneos*]" = "iPhone Developer";
				COPY_PHASE_STRIP = NO;
				DEBUG_INFORMATION_FORMAT = dwarf;
				ENABLE_STRICT_OBJC_MSGSEND = YES;
				ENABLE_TESTABILITY = YES;
				GCC_C_LANGUAGE_STANDARD = gnu99;
				GCC_DYNAMIC_NO_PIC = NO;
				GCC_NO_COMMON_BLOCKS = YES;
				GCC_OPTIMIZATION_LEVEL = 0;
				GCC_PREPROCESSOR_DEFINITIONS = (
					"DEBUG=1",
					"$(inherited)",
				);
				GCC_WARN_64_TO_32_BIT_CONVERSION = YES;
				GCC_WARN_ABOUT_RETURN_TYPE = YES_ERROR;
				GCC_WARN_UNDECLARED_SELECTOR = YES;
				GCC_WARN_UNINITIALIZED_AUTOS = YES_AGGRESSIVE;
				GCC_WARN_UNUSED_FUNCTION = YES;
				GCC_WARN_UNUSED_VARIABLE = YES;
				IPHONEOS_DEPLOYMENT_TARGET = 12.0;
				MTL_ENABLE_DEBUG_INFO = YES;
				ONLY_ACTIVE_ARCH = YES;
				SDKROOT = iphoneos;
				TARGETED_DEVICE_FAMILY = "1,2";
			};
			name = Debug;
		};
		97C147041CF9000F007C117D /* Release */ = {
			isa = XCBuildConfiguration;
			buildSettings = {
				ALWAYS_SEARCH_USER_PATHS = NO;
				CLANG_ANALYZER_NONNULL = YES;
				CLANG_CXX_LANGUAGE_STANDARD = "gnu++0x";
				CLANG_CXX_LIBRARY = "libc++";
				CLANG_ENABLE_MODULES = YES;
				CLANG_ENABLE_OBJC_ARC = YES;
				CLANG_WARN_BLOCK_CAPTURE_AUTORELEASING = YES;
				CLANG_WARN_BOOL_CONVERSION = YES;
				CLANG_WARN_COMMA = YES;
				CLANG_WARN_CONSTANT_CONVERSION = YES;
				CLANG_WARN_DEPRECATED_OBJC_IMPLEMENTATIONS = YES;
				CLANG_WARN_DIRECT_OBJC_ISA_USAGE = YES_ERROR;
				CLANG_WARN_EMPTY_BODY = YES;
				CLANG_WARN_ENUM_CONVERSION = YES;
				CLANG_WARN_INFINITE_RECURSION = YES;
				CLANG_WARN_INT_CONVERSION = YES;
				CLANG_WARN_NON_LITERAL_NULL_CONVERSION = YES;
				CLANG_WARN_OBJC_IMPLICIT_RETAIN_SELF = YES;
				CLANG_WARN_OBJC_LITERAL_CONVERSION = YES;
				CLANG_WARN_OBJC_ROOT_CLASS = YES_ERROR;
				CLANG_WARN_RANGE_LOOP_ANALYSIS = YES;
				CLANG_WARN_STRICT_PROTOTYPES = YES;
				CLANG_WARN_SUSPICIOUS_MOVE = YES;
				CLANG_WARN_UNREACHABLE_CODE = YES;
				CLANG_WARN__DUPLICATE_METHOD_MATCH = YES;
				"CODE_SIGN_IDENTITY[sdk=iphoneos*]" = "iPhone Developer";
				COPY_PHASE_STRIP = NO;
				DEBUG_INFORMATION_FORMAT = "dwarf-with-dsym";
				ENABLE_NS_ASSERTIONS = NO;
				ENABLE_STRICT_OBJC_MSGSEND = YES;
				GCC_C_LANGUAGE_STANDARD = gnu99;
				GCC_NO_COMMON_BLOCKS = YES;
				GCC_WARN_64_TO_32_BIT_CONVERSION = YES;
				GCC_WARN_ABOUT_RETURN_TYPE = YES_ERROR;
				GCC_WARN_UNDECLARED_SELECTOR = YES;
				GCC_WARN_UNINITIALIZED_AUTOS = YES_AGGRESSIVE;
				GCC_WARN_UNUSED_FUNCTION = YES;
				GCC_WARN_UNUSED_VARIABLE = YES;
				IPHONEOS_DEPLOYMENT_TARGET = 12.0;
				MTL_ENABLE_DEBUG_INFO = NO;
				SDKROOT = iphoneos;
				SUPPORTED_PLATFORMS = iphoneos;
				SWIFT_OPTIMIZATION_LEVEL = "-Owholemodule";
				TARGETED_DEVICE_FAMILY = "1,2";
				VALIDATE_PRODUCT = YES;
			};
			name = Release;
		};
		97C147061CF9000F007C117D /* Debug */ = {
			isa = XCBuildConfiguration;
			baseConfigurationReference = 9740EEB21CF90195004384FC /* Debug.xcconfig */;
			buildSettings = {
				ASSETCATALOG_COMPILER_APPICON_NAME = AppIcon;
				CLANG_ENABLE_MODULES = YES;
				CODE_SIGN_ENTITLEMENTS = Runner/RunnerDebug.entitlements;
				CODE_SIGN_IDENTITY = "Apple Development";
				CODE_SIGN_STYLE = Automatic;
				CURRENT_PROJECT_VERSION = 13;
				DEBUG_INFORMATION_FORMAT = "dwarf-with-dsym";
				DEVELOPMENT_TEAM = BQ6BWMFU6W;
				ENABLE_BITCODE = NO;
				FRAMEWORK_SEARCH_PATHS = (
					"$(inherited)",
					"$(PROJECT_DIR)/Flutter",
					"$(PROJECT_DIR)",
					"$(PROJECT_DIR)/Runner",
				);
				INFOPLIST_FILE = Runner/Info.plist;
				IPHONEOS_DEPLOYMENT_TARGET = 13.0;
				LD_RUNPATH_SEARCH_PATHS = (
					"$(inherited)",
					"@executable_path/Frameworks",
				);
				LIBRARY_SEARCH_PATHS = (
					"$(inherited)",
					"$(PROJECT_DIR)/Runner/P17S1_iOS_SDK_20190831_V1.0/**",
					"$(PROJECT_DIR)/Flutter",
					"$(PROJECT_DIR)/include",
				);
				MARKETING_VERSION = 2.0.12;
				PRODUCT_BUNDLE_IDENTIFIER = com.HG.HealthGauge;
				PRODUCT_NAME = Runner;
				PROVISIONING_PROFILE_SPECIFIER = "";
				SWIFT_OBJC_BRIDGING_HEADER = "Runner-Bridging-Header.h";
				SWIFT_OPTIMIZATION_LEVEL = "-Onone";
				SWIFT_VERSION = 5.0;
				TARGETED_DEVICE_FAMILY = 1;
				VALID_ARCHS = "arm64 arm64e armv7 armv7s x86_64";
				VERSIONING_SYSTEM = "apple-generic";
			};
			name = Debug;
		};
		97C147071CF9000F007C117D /* Release */ = {
			isa = XCBuildConfiguration;
			baseConfigurationReference = 7AFA3C8E1D35360C0083082E /* Release.xcconfig */;
			buildSettings = {
				ASSETCATALOG_COMPILER_APPICON_NAME = AppIcon;
				CLANG_ENABLE_MODULES = YES;
				CODE_SIGN_ENTITLEMENTS = Runner/Runner.entitlements;
				CODE_SIGN_IDENTITY = "Apple Development";
				CODE_SIGN_STYLE = Automatic;
				CURRENT_PROJECT_VERSION = 13;
				DEVELOPMENT_TEAM = BQ6BWMFU6W;
				ENABLE_BITCODE = NO;
				FRAMEWORK_SEARCH_PATHS = (
					"$(inherited)",
					"$(PROJECT_DIR)/Flutter",
					"$(PROJECT_DIR)",
					"$(PROJECT_DIR)/Runner",
				);
				INFOPLIST_FILE = Runner/Info.plist;
				IPHONEOS_DEPLOYMENT_TARGET = 13.0;
				LD_RUNPATH_SEARCH_PATHS = (
					"$(inherited)",
					"@executable_path/Frameworks",
				);
				LIBRARY_SEARCH_PATHS = (
					"$(inherited)",
					"$(PROJECT_DIR)/Runner/P17S1_iOS_SDK_20190831_V1.0/**",
					"$(PROJECT_DIR)/Flutter",
					"$(PROJECT_DIR)/include",
				);
				MARKETING_VERSION = 2.0.12;
				PRODUCT_BUNDLE_IDENTIFIER = com.HG.HealthGauge;
				PRODUCT_NAME = Runner;
				PROVISIONING_PROFILE_SPECIFIER = "";
				SUPPORTED_PLATFORMS = "iphonesimulator iphoneos";
				SWIFT_OBJC_BRIDGING_HEADER = "Runner-Bridging-Header.h";
				SWIFT_VERSION = 5.0;
				TARGETED_DEVICE_FAMILY = 1;
				VALID_ARCHS = "arm64 arm64e armv7 armv7s x86_64";
				VERSIONING_SYSTEM = "apple-generic";
			};
			name = Release;
		};
/* End XCBuildConfiguration section */

/* Begin XCConfigurationList section */
		97C146E91CF9000F007C117D /* Build configuration list for PBXProject "Runner" */ = {
			isa = XCConfigurationList;
			buildConfigurations = (
				97C147031CF9000F007C117D /* Debug */,
				97C147041CF9000F007C117D /* Release */,
				249021D3217E4FDB00AE95B9 /* Profile */,
			);
			defaultConfigurationIsVisible = 0;
			defaultConfigurationName = Release;
		};
		97C147051CF9000F007C117D /* Build configuration list for PBXNativeTarget "Runner" */ = {
			isa = XCConfigurationList;
			buildConfigurations = (
				97C147061CF9000F007C117D /* Debug */,
				97C147071CF9000F007C117D /* Release */,
				249021D4217E4FDB00AE95B9 /* Profile */,
			);
			defaultConfigurationIsVisible = 0;
			defaultConfigurationName = Release;
		};
/* End XCConfigurationList section */
	};
	rootObject = 97C146E61CF9000F007C117D /* Project object */;
}
